// !$*UTF8*$!
{
	archiveVersion = 1;
	classes = {
	};
	objectVersion = 48;
	objects = {

/* Begin PBXBuildFile section */
		1EB5D5921F58679D00154681 /* AppDelegate.swift in Sources */ = {isa = PBXBuildFile; fileRef = 1EB5D5911F58679D00154681 /* AppDelegate.swift */; };
		1EB5D5941F58679D00154681 /* ViewController.swift in Sources */ = {isa = PBXBuildFile; fileRef = 1EB5D5931F58679D00154681 /* ViewController.swift */; };
		1EB5D5971F58679D00154681 /* Main.storyboard in Resources */ = {isa = PBXBuildFile; fileRef = 1EB5D5951F58679D00154681 /* Main.storyboard */; };
		1EB5D59A1F58679D00154681 /* Test2.xcdatamodeld in Sources */ = {isa = PBXBuildFile; fileRef = 1EB5D5981F58679D00154681 /* Test2.xcdatamodeld */; };
		1EB5D59C1F58679D00154681 /* Assets.xcassets in Resources */ = {isa = PBXBuildFile; fileRef = 1EB5D59B1F58679D00154681 /* Assets.xcassets */; };
		1EB5D59F1F58679D00154681 /* LaunchScreen.storyboard in Resources */ = {isa = PBXBuildFile; fileRef = 1EB5D59D1F58679D00154681 /* LaunchScreen.storyboard */; };
		1EB5D5AA1F58679D00154681 /* Test2Tests.swift in Sources */ = {isa = PBXBuildFile; fileRef = 1EB5D5A91F58679D00154681 /* Test2Tests.swift */; };
		1EB5D5B51F58679D00154681 /* Test2UITests.swift in Sources */ = {isa = PBXBuildFile; fileRef = 1EB5D5B41F58679D00154681 /* Test2UITests.swift */; };
/* End PBXBuildFile section */

/* Begin PBXContainerItemProxy section */
		1EB5D5A61F58679D00154681 /* PBXContainerItemProxy */ = {
			isa = PBXContainerItemProxy;
			containerPortal = 1EB5D5861F58679D00154681 /* Project object */;
			proxyType = 1;
			remoteGlobalIDString = 1EB5D58D1F58679D00154681;
			remoteInfo = Test2;
		};
		1EB5D5B11F58679D00154681 /* PBXContainerItemProxy */ = {
			isa = PBXContainerItemProxy;
			containerPortal = 1EB5D5861F58679D00154681 /* Project object */;
			proxyType = 1;
			remoteGlobalIDString = 1EB5D58D1F58679D00154681;
			remoteInfo = Test2;
		};
/* End PBXContainerItemProxy section */

/* Begin PBXFileReference section */
		1EB5D58E1F58679D00154681 /* Test2.app */ = {isa = PBXFileReference; explicitFileType = wrapper.application; includeInIndex = 0; path = Test2.app; sourceTree = BUILT_PRODUCTS_DIR; };
		1EB5D5911F58679D00154681 /* AppDelegate.swift */ = {isa = PBXFileReference; lastKnownFileType = sourcecode.swift; path = AppDelegate.swift; sourceTree = "<group>"; };
		1EB5D5931F58679D00154681 /* ViewController.swift */ = {isa = PBXFileReference; lastKnownFileType = sourcecode.swift; path = ViewController.swift; sourceTree = "<group>"; };
		1EB5D5961F58679D00154681 /* Base */ = {isa = PBXFileReference; lastKnownFileType = file.storyboard; name = Base; path = Base.lproj/Main.storyboard; sourceTree = "<group>"; };
		1EB5D5991F58679D00154681 /* Test2.xcdatamodel */ = {isa = PBXFileReference; lastKnownFileType = wrapper.xcdatamodel; path = Test2.xcdatamodel; sourceTree = "<group>"; };
		1EB5D59B1F58679D00154681 /* Assets.xcassets */ = {isa = PBXFileReference; lastKnownFileType = folder.assetcatalog; path = Assets.xcassets; sourceTree = "<group>"; };
		1EB5D59E1F58679D00154681 /* Base */ = {isa = PBXFileReference; lastKnownFileType = file.storyboard; name = Base; path = Base.lproj/LaunchScreen.storyboard; sourceTree = "<group>"; };
		1EB5D5A01F58679D00154681 /* Info.plist */ = {isa = PBXFileReference; lastKnownFileType = text.plist.xml; path = Info.plist; sourceTree = "<group>"; };
		1EB5D5A51F58679D00154681 /* Test2Tests.xctest */ = {isa = PBXFileReference; explicitFileType = wrapper.cfbundle; includeInIndex = 0; path = Test2Tests.xctest; sourceTree = BUILT_PRODUCTS_DIR; };
		1EB5D5A91F58679D00154681 /* Test2Tests.swift */ = {isa = PBXFileReference; lastKnownFileType = sourcecode.swift; path = Test2Tests.swift; sourceTree = "<group>"; };
		1EB5D5AB1F58679D00154681 /* Info.plist */ = {isa = PBXFileReference; lastKnownFileType = text.plist.xml; path = Info.plist; sourceTree = "<group>"; };
		1EB5D5B01F58679D00154681 /* Test2UITests.xctest */ = {isa = PBXFileReference; explicitFileType = wrapper.cfbundle; includeInIndex = 0; path = Test2UITests.xctest; sourceTree = BUILT_PRODUCTS_DIR; };
		1EB5D5B41F58679D00154681 /* Test2UITests.swift */ = {isa = PBXFileReference; lastKnownFileType = sourcecode.swift; path = Test2UITests.swift; sourceTree = "<group>"; };
		1EB5D5B61F58679D00154681 /* Info.plist */ = {isa = PBXFileReference; lastKnownFileType = text.plist.xml; path = Info.plist; sourceTree = "<group>"; };
/* End PBXFileReference section */

/* Begin PBXFrameworksBuildPhase section */
		1EB5D58B1F58679D00154681 /* Frameworks */ = {
			isa = PBXFrameworksBuildPhase;
			buildActionMask = 2147483647;
			files = (
			);
			runOnlyForDeploymentPostprocessing = 0;
		};
		1EB5D5A21F58679D00154681 /* Frameworks */ = {
			isa = PBXFrameworksBuildPhase;
			buildActionMask = 2147483647;
			files = (
			);
			runOnlyForDeploymentPostprocessing = 0;
		};
		1EB5D5AD1F58679D00154681 /* Frameworks */ = {
			isa = PBXFrameworksBuildPhase;
			buildActionMask = 2147483647;
			files = (
			);
			runOnlyForDeploymentPostprocessing = 0;
		};
/* End PBXFrameworksBuildPhase section */

/* Begin PBXGroup section */
		1EB5D5851F58679D00154681 = {
			isa = PBXGroup;
			children = (
				1EB5D5901F58679D00154681 /* Test2 */,
				1EB5D5A81F58679D00154681 /* Test2Tests */,
				1EB5D5B31F58679D00154681 /* Test2UITests */,
				1EB5D58F1F58679D00154681 /* Products */,
			);
			sourceTree = "<group>";
		};
		1EB5D58F1F58679D00154681 /* Products */ = {
			isa = PBXGroup;
			children = (
				1EB5D58E1F58679D00154681 /* Test2.app */,
				1EB5D5A51F58679D00154681 /* Test2Tests.xctest */,
				1EB5D5B01F58679D00154681 /* Test2UITests.xctest */,
			);
			name = Products;
			sourceTree = "<group>";
		};
		1EB5D5901F58679D00154681 /* Test2 */ = {
			isa = PBXGroup;
			children = (
				1EB5D5911F58679D00154681 /* AppDelegate.swift */,
				1EB5D5931F58679D00154681 /* ViewController.swift */,
				1EB5D5951F58679D00154681 /* Main.storyboard */,
				1EB5D59B1F58679D00154681 /* Assets.xcassets */,
				1EB5D59D1F58679D00154681 /* LaunchScreen.storyboard */,
				1EB5D5A01F58679D00154681 /* Info.plist */,
				1EB5D5981F58679D00154681 /* Test2.xcdatamodeld */,
			);
			path = Test2;
			sourceTree = "<group>";
		};
		1EB5D5A81F58679D00154681 /* Test2Tests */ = {
			isa = PBXGroup;
			children = (
				1EB5D5A91F58679D00154681 /* Test2Tests.swift */,
				1EB5D5AB1F58679D00154681 /* Info.plist */,
			);
			path = Test2Tests;
			sourceTree = "<group>";
		};
		1EB5D5B31F58679D00154681 /* Test2UITests */ = {
			isa = PBXGroup;
			children = (
				1EB5D5B41F58679D00154681 /* Test2UITests.swift */,
				1EB5D5B61F58679D00154681 /* Info.plist */,
			);
			path = Test2UITests;
			sourceTree = "<group>";
		};
/* End PBXGroup section */

/* Begin PBXNativeTarget section */
		1EB5D58D1F58679D00154681 /* Test2 */ = {
			isa = PBXNativeTarget;
			buildConfigurationList = 1EB5D5B91F58679D00154681 /* Build configuration list for PBXNativeTarget "Test2" */;
			buildPhases = (
				1EB5D58A1F58679D00154681 /* Sources */,
				1EB5D58B1F58679D00154681 /* Frameworks */,
				1EB5D58C1F58679D00154681 /* Resources */,
			);
			buildRules = (
			);
			dependencies = (
			);
			name = Test2;
			productName = Test2;
			productReference = 1EB5D58E1F58679D00154681 /* Test2.app */;
			productType = "com.apple.product-type.application";
		};
		1EB5D5A41F58679D00154681 /* Test2Tests */ = {
			isa = PBXNativeTarget;
			buildConfigurationList = 1EB5D5BC1F58679D00154681 /* Build configuration list for PBXNativeTarget "Test2Tests" */;
			buildPhases = (
				1EB5D5A11F58679D00154681 /* Sources */,
				1EB5D5A21F58679D00154681 /* Frameworks */,
				1EB5D5A31F58679D00154681 /* Resources */,
			);
			buildRules = (
			);
			dependencies = (
				1EB5D5A71F58679D00154681 /* PBXTargetDependency */,
			);
			name = Test2Tests;
			productName = Test2Tests;
			productReference = 1EB5D5A51F58679D00154681 /* Test2Tests.xctest */;
			productType = "com.apple.product-type.bundle.unit-test";
		};
		1EB5D5AF1F58679D00154681 /* Test2UITests */ = {
			isa = PBXNativeTarget;
			buildConfigurationList = 1EB5D5BF1F58679D00154681 /* Build configuration list for PBXNativeTarget "Test2UITests" */;
			buildPhases = (
				1EB5D5AC1F58679D00154681 /* Sources */,
				1EB5D5AD1F58679D00154681 /* Frameworks */,
				1EB5D5AE1F58679D00154681 /* Resources */,
			);
			buildRules = (
			);
			dependencies = (
				1EB5D5B21F58679D00154681 /* PBXTargetDependency */,
			);
			name = Test2UITests;
			productName = Test2UITests;
			productReference = 1EB5D5B01F58679D00154681 /* Test2UITests.xctest */;
			productType = "com.apple.product-type.bundle.ui-testing";
		};
/* End PBXNativeTarget section */

/* Begin PBXProject section */
		1EB5D5861F58679D00154681 /* Project object */ = {
			isa = PBXProject;
			attributes = {
				LastSwiftUpdateCheck = 0900;
				LastUpgradeCheck = 0900;
				ORGANIZATIONNAME = MP;
				TargetAttributes = {
					1EB5D58D1F58679D00154681 = {
						CreatedOnToolsVersion = 9.0;
						ProvisioningStyle = Automatic;
					};
					1EB5D5A41F58679D00154681 = {
						CreatedOnToolsVersion = 9.0;
						ProvisioningStyle = Automatic;
						TestTargetID = 1EB5D58D1F58679D00154681;
					};
					1EB5D5AF1F58679D00154681 = {
						CreatedOnToolsVersion = 9.0;
						ProvisioningStyle = Automatic;
						TestTargetID = 1EB5D58D1F58679D00154681;
					};
				};
			};
			buildConfigurationList = 1EB5D5891F58679D00154681 /* Build configuration list for PBXProject "Test2" */;
			compatibilityVersion = "Xcode 8.0";
			developmentRegion = en;
			hasScannedForEncodings = 0;
			knownRegions = (
				en,
				Base,
			);
			mainGroup = 1EB5D5851F58679D00154681;
			productRefGroup = 1EB5D58F1F58679D00154681 /* Products */;
			projectDirPath = "";
			projectRoot = "";
			targets = (
				1EB5D58D1F58679D00154681 /* Test2 */,
				1EB5D5A41F58679D00154681 /* Test2Tests */,
				1EB5D5AF1F58679D00154681 /* Test2UITests */,
			);
		};
/* End PBXProject section */

/* Begin PBXResourcesBuildPhase section */
		1EB5D58C1F58679D00154681 /* Resources */ = {
			isa = PBXResourcesBuildPhase;
			buildActionMask = 2147483647;
			files = (
				1EB5D59F1F58679D00154681 /* LaunchScreen.storyboard in Resources */,
				1EB5D59C1F58679D00154681 /* Assets.xcassets in Resources */,
				1EB5D5971F58679D00154681 /* Main.storyboard in Resources */,
			);
			runOnlyForDeploymentPostprocessing = 0;
		};
		1EB5D5A31F58679D00154681 /* Resources */ = {
			isa = PBXResourcesBuildPhase;
			buildActionMask = 2147483647;
			files = (
			);
			runOnlyForDeploymentPostprocessing = 0;
		};
		1EB5D5AE1F58679D00154681 /* Resources */ = {
			isa = PBXResourcesBuildPhase;
			buildActionMask = 2147483647;
			files = (
			);
			runOnlyForDeploymentPostprocessing = 0;
		};
/* End PBXResourcesBuildPhase section */

/* Begin PBXSourcesBuildPhase section */
		1EB5D58A1F58679D00154681 /* Sources */ = {
			isa = PBXSourcesBuildPhase;
			buildActionMask = 2147483647;
			files = (
				1EB5D5941F58679D00154681 /* ViewController.swift in Sources */,
				1EB5D59A1F58679D00154681 /* Test2.xcdatamodeld in Sources */,
				1EB5D5921F58679D00154681 /* AppDelegate.swift in Sources */,
			);
			runOnlyForDeploymentPostprocessing = 0;
		};
		1EB5D5A11F58679D00154681 /* Sources */ = {
			isa = PBXSourcesBuildPhase;
			buildActionMask = 2147483647;
			files = (
				1EB5D5AA1F58679D00154681 /* Test2Tests.swift in Sources */,
			);
			runOnlyForDeploymentPostprocessing = 0;
		};
		1EB5D5AC1F58679D00154681 /* Sources */ = {
			isa = PBXSourcesBuildPhase;
			buildActionMask = 2147483647;
			files = (
				1EB5D5B51F58679D00154681 /* Test2UITests.swift in Sources */,
			);
			runOnlyForDeploymentPostprocessing = 0;
		};
/* End PBXSourcesBuildPhase section */

/* Begin PBXTargetDependency section */
		1EB5D5A71F58679D00154681 /* PBXTargetDependency */ = {
			isa = PBXTargetDependency;
			target = 1EB5D58D1F58679D00154681 /* Test2 */;
			targetProxy = 1EB5D5A61F58679D00154681 /* PBXContainerItemProxy */;
		};
		1EB5D5B21F58679D00154681 /* PBXTargetDependency */ = {
			isa = PBXTargetDependency;
			target = 1EB5D58D1F58679D00154681 /* Test2 */;
			targetProxy = 1EB5D5B11F58679D00154681 /* PBXContainerItemProxy */;
		};
/* End PBXTargetDependency section */

/* Begin PBXVariantGroup section */
		1EB5D5951F58679D00154681 /* Main.storyboard */ = {
			isa = PBXVariantGroup;
			children = (
				1EB5D5961F58679D00154681 /* Base */,
			);
			name = Main.storyboard;
			sourceTree = "<group>";
		};
		1EB5D59D1F58679D00154681 /* LaunchScreen.storyboard */ = {
			isa = PBXVariantGroup;
			children = (
				1EB5D59E1F58679D00154681 /* Base */,
			);
			name = LaunchScreen.storyboard;
			sourceTree = "<group>";
		};
/* End PBXVariantGroup section */

/* Begin XCBuildConfiguration section */
		1EB5D5B71F58679D00154681 /* Debug */ = {
			isa = XCBuildConfiguration;
			buildSettings = {
				ALWAYS_SEARCH_USER_PATHS = NO;
				CLANG_ANALYZER_NONNULL = YES;
				CLANG_ANALYZER_NUMBER_OBJECT_CONVERSION = YES_AGGRESSIVE;
				CLANG_CXX_LANGUAGE_STANDARD = "gnu++14";
				CLANG_CXX_LIBRARY = "libc++";
				CLANG_ENABLE_MODULES = YES;
				CLANG_ENABLE_OBJC_ARC = YES;
				CLANG_WARN_BLOCK_CAPTURE_AUTORELEASING = YES;
				CLANG_WARN_BOOL_CONVERSION = YES;
				CLANG_WARN_COMMA = YES;
				CLANG_WARN_CONSTANT_CONVERSION = YES;
				CLANG_WARN_DIRECT_OBJC_ISA_USAGE = YES_ERROR;
				CLANG_WARN_DOCUMENTATION_COMMENTS = YES;
				CLANG_WARN_EMPTY_BODY = YES;
				CLANG_WARN_ENUM_CONVERSION = YES;
				CLANG_WARN_INFINITE_RECURSION = YES;
				CLANG_WARN_INT_CONVERSION = YES;
				CLANG_WARN_NON_LITERAL_NULL_CONVERSION = YES;
				CLANG_WARN_OBJC_LITERAL_CONVERSION = YES;
				CLANG_WARN_OBJC_ROOT_CLASS = YES_ERROR;
				CLANG_WARN_RANGE_LOOP_ANALYSIS = YES;
				CLANG_WARN_STRICT_PROTOTYPES = YES;
				CLANG_WARN_SUSPICIOUS_MOVE = YES;
				CLANG_WARN_UNGUARDED_AVAILABILITY = YES_AGGRESSIVE;
				CLANG_WARN_UNREACHABLE_CODE = YES;
				CLANG_WARN__DUPLICATE_METHOD_MATCH = YES;
				CODE_SIGN_IDENTITY = "iPhone Developer";
				COPY_PHASE_STRIP = NO;
				DEBUG_INFORMATION_FORMAT = dwarf;
				ENABLE_STRICT_OBJC_MSGSEND = YES;
				ENABLE_TESTABILITY = YES;
				GCC_C_LANGUAGE_STANDARD = gnu11;
				GCC_DYNAMIC_NO_PIC = NO;
				GCC_NO_COMMON_BLOCKS = YES;
				GCC_OPTIMIZATION_LEVEL = 0;
				GCC_PREPROCESSOR_DEFINITIONS = (
					"DEBUG=1",
					"$(inherited)",
				);
				GCC_WARN_64_TO_32_BIT_CONVERSION = YES;
				GCC_WARN_ABOUT_RETURN_TYPE = YES_ERROR;
				GCC_WARN_UNDECLARED_SELECTOR = YES;
				GCC_WARN_UNINITIALIZED_AUTOS = YES_AGGRESSIVE;
				GCC_WARN_UNUSED_FUNCTION = YES;
				GCC_WARN_UNUSED_VARIABLE = YES;
				IPHONEOS_DEPLOYMENT_TARGET = 11.0;
				MTL_ENABLE_DEBUG_INFO = YES;
				ONLY_ACTIVE_ARCH = YES;
				SDKROOT = iphoneos;
				SWIFT_ACTIVE_COMPILATION_CONDITIONS = DEBUG;
				SWIFT_OPTIMIZATION_LEVEL = "-Onone";
			};
			name = Debug;
		};
		1EB5D5B81F58679D00154681 /* Release */ = {
			isa = XCBuildConfiguration;
			buildSettings = {
				ALWAYS_SEARCH_USER_PATHS = NO;
				CLANG_ANALYZER_NONNULL = YES;
				CLANG_ANALYZER_NUMBER_OBJECT_CONVERSION = YES_AGGRESSIVE;
				CLANG_CXX_LANGUAGE_STANDARD = "gnu++14";
				CLANG_CXX_LIBRARY = "libc++";
				CLANG_ENABLE_MODULES = YES;
				CLANG_ENABLE_OBJC_ARC = YES;
				CLANG_WARN_BLOCK_CAPTURE_AUTORELEASING = YES;
				CLANG_WARN_BOOL_CONVERSION = YES;
				CLANG_WARN_COMMA = YES;
				CLANG_WARN_CONSTANT_CONVERSION = YES;
				CLANG_WARN_DIRECT_OBJC_ISA_USAGE = YES_ERROR;
				CLANG_WARN_DOCUMENTATION_COMMENTS = YES;
				CLANG_WARN_EMPTY_BODY = YES;
				CLANG_WARN_ENUM_CONVERSION = YES;
				CLANG_WARN_INFINITE_RECURSION = YES;
				CLANG_WARN_INT_CONVERSION = YES;
				CLANG_WARN_NON_LITERAL_NULL_CONVERSION = YES;
				CLANG_WARN_OBJC_LITERAL_CONVERSION = YES;
				CLANG_WARN_OBJC_ROOT_CLASS = YES_ERROR;
				CLANG_WARN_RANGE_LOOP_ANALYSIS = YES;
				CLANG_WARN_STRICT_PROTOTYPES = YES;
				CLANG_WARN_SUSPICIOUS_MOVE = YES;
				CLANG_WARN_UNGUARDED_AVAILABILITY = YES_AGGRESSIVE;
				CLANG_WARN_UNREACHABLE_CODE = YES;
				CLANG_WARN__DUPLICATE_METHOD_MATCH = YES;
				CODE_SIGN_IDENTITY = "iPhone Developer";
				COPY_PHASE_STRIP = NO;
				DEBUG_INFORMATION_FORMAT = "dwarf-with-dsym";
				ENABLE_NS_ASSERTIONS = NO;
				ENABLE_STRICT_OBJC_MSGSEND = YES;
				GCC_C_LANGUAGE_STANDARD = gnu11;
				GCC_NO_COMMON_BLOCKS = YES;
				GCC_WARN_64_TO_32_BIT_CONVERSION = YES;
				GCC_WARN_ABOUT_RETURN_TYPE = YES_ERROR;
				GCC_WARN_UNDECLARED_SELECTOR = YES;
				GCC_WARN_UNINITIALIZED_AUTOS = YES_AGGRESSIVE;
				GCC_WARN_UNUSED_FUNCTION = YES;
				GCC_WARN_UNUSED_VARIABLE = YES;
				IPHONEOS_DEPLOYMENT_TARGET = 11.0;
				MTL_ENABLE_DEBUG_INFO = NO;
				SDKROOT = iphoneos;
				SWIFT_OPTIMIZATION_LEVEL = "-Owholemodule";
				VALIDATE_PRODUCT = YES;
			};
			name = Release;
		};
		1EB5D5BA1F58679D00154681 /* Debug */ = {
			isa = XCBuildConfiguration;
			buildSettings = {
				ASSETCATALOG_COMPILER_APPICON_NAME = AppIcon;
				CODE_SIGN_STYLE = Automatic;
				INFOPLIST_FILE = Test2/Info.plist;
				LD_RUNPATH_SEARCH_PATHS = "$(inherited) @executable_path/Frameworks";
				PRODUCT_BUNDLE_IDENTIFIER = com.mp.Test2;
				PRODUCT_NAME = "$(TARGET_NAME)";
				SWIFT_VERSION = 4.0;
				TARGETED_DEVICE_FAMILY = "1,2";
			};
			name = Debug;
		};
		1EB5D5BB1F58679D00154681 /* Release */ = {
			isa = XCBuildConfiguration;
			buildSettings = {
				ASSETCATALOG_COMPILER_APPICON_NAME = AppIcon;
				CODE_SIGN_STYLE = Automatic;
				INFOPLIST_FILE = Test2/Info.plist;
				LD_RUNPATH_SEARCH_PATHS = "$(inherited) @executable_path/Frameworks";
				PRODUCT_BUNDLE_IDENTIFIER = com.mp.Test2;
				PRODUCT_NAME = "$(TARGET_NAME)";
				SWIFT_VERSION = 4.0;
				TARGETED_DEVICE_FAMILY = "1,2";
			};
			name = Release;
		};
		1EB5D5BD1F58679D00154681 /* Debug */ = {
			isa = XCBuildConfiguration;
			buildSettings = {
				ALWAYS_EMBED_SWIFT_STANDARD_LIBRARIES = YES;
				BUNDLE_LOADER = "$(TEST_HOST)";
				CODE_SIGN_STYLE = Automatic;
				INFOPLIST_FILE = Test2Tests/Info.plist;
				LD_RUNPATH_SEARCH_PATHS = "$(inherited) @executable_path/Frameworks @loader_path/Frameworks";
				PRODUCT_BUNDLE_IDENTIFIER = com.mp.Test2Tests;
				PRODUCT_NAME = "$(TARGET_NAME)";
				SWIFT_VERSION = 4.0;
				TARGETED_DEVICE_FAMILY = "1,2";
				TEST_HOST = "$(BUILT_PRODUCTS_DIR)/Test2.app/Test2";
			};
			name = Debug;
		};
		1EB5D5BE1F58679D00154681 /* Release */ = {
			isa = XCBuildConfiguration;
			buildSettings = {
				ALWAYS_EMBED_SWIFT_STANDARD_LIBRARIES = YES;
				BUNDLE_LOADER = "$(TEST_HOST)";
				CODE_SIGN_STYLE = Automatic;
				INFOPLIST_FILE = Test2Tests/Info.plist;
				LD_RUNPATH_SEARCH_PATHS = "$(inherited) @executable_path/Frameworks @loader_path/Frameworks";
				PRODUCT_BUNDLE_IDENTIFIER = com.mp.Test2Tests;
				PRODUCT_NAME = "$(TARGET_NAME)";
				SWIFT_VERSION = 4.0;
				TARGETED_DEVICE_FAMILY = "1,2";
				TEST_HOST = "$(BUILT_PRODUCTS_DIR)/Test2.app/Test2";
			};
			name = Release;
		};
		1EB5D5C01F58679D00154681 /* Debug */ = {
			isa = XCBuildConfiguration;
			buildSettings = {
				ALWAYS_EMBED_SWIFT_STANDARD_LIBRARIES = YES;
				CODE_SIGN_STYLE = Automatic;
				INFOPLIST_FILE = Test2UITests/Info.plist;
				LD_RUNPATH_SEARCH_PATHS = "$(inherited) @executable_path/Frameworks @loader_path/Frameworks";
				PRODUCT_BUNDLE_IDENTIFIER = com.mp.Test2UITests;
				PRODUCT_NAME = "$(TARGET_NAME)";
				SWIFT_VERSION = 4.0;
				TARGETED_DEVICE_FAMILY = "1,2";
				TEST_TARGET_NAME = Test2;
			};
			name = Debug;
		};
		1EB5D5C11F58679D00154681 /* Release */ = {
			isa = XCBuildConfiguration;
			buildSettings = {
				ALWAYS_EMBED_SWIFT_STANDARD_LIBRARIES = YES;
				CODE_SIGN_STYLE = Automatic;
				INFOPLIST_FILE = Test2UITests/Info.plist;
				LD_RUNPATH_SEARCH_PATHS = "$(inherited) @executable_path/Frameworks @loader_path/Frameworks";
				PRODUCT_BUNDLE_IDENTIFIER = com.mp.Test2UITests;
				PRODUCT_NAME = "$(TARGET_NAME)";
				SWIFT_VERSION = 4.0;
				TARGETED_DEVICE_FAMILY = "1,2";
				TEST_TARGET_NAME = Test2;
			};
			name = Release;
		};
/* End XCBuildConfiguration section */

/* Begin XCConfigurationList section */
		1EB5D5891F58679D00154681 /* Build configuration list for PBXProject "Test2" */ = {
			isa = XCConfigurationList;
			buildConfigurations = (
				1EB5D5B71F58679D00154681 /* Debug */,
				1EB5D5B81F58679D00154681 /* Release */,
			);
			defaultConfigurationIsVisible = 0;
			defaultConfigurationName = Release;
		};
		1EB5D5B91F58679D00154681 /* Build configuration list for PBXNativeTarget "Test2" */ = {
			isa = XCConfigurationList;
			buildConfigurations = (
				1EB5D5BA1F58679D00154681 /* Debug */,
				1EB5D5BB1F58679D00154681 /* Release */,
			);
			defaultConfigurationIsVisible = 0;
			defaultConfigurationName = Release;
		};
		1EB5D5BC1F58679D00154681 /* Build configuration list for PBXNativeTarget "Test2Tests" */ = {
			isa = XCConfigurationList;
			buildConfigurations = (
				1EB5D5BD1F58679D00154681 /* Debug */,
				1EB5D5BE1F58679D00154681 /* Release */,
			);
			defaultConfigurationIsVisible = 0;
			defaultConfigurationName = Release;
		};
		1EB5D5BF1F58679D00154681 /* Build configuration list for PBXNativeTarget "Test2UITests" */ = {
			isa = XCConfigurationList;
			buildConfigurations = (
				1EB5D5C01F58679D00154681 /* Debug */,
				1EB5D5C11F58679D00154681 /* Release */,
			);
			defaultConfigurationIsVisible = 0;
			defaultConfigurationName = Release;
		};
/* End XCConfigurationList section */

/* Begin XCVersionGroup section */
		1EB5D5981F58679D00154681 /* Test2.xcdatamodeld */ = {
			isa = XCVersionGroup;
			children = (
				1EB5D5991F58679D00154681 /* Test2.xcdatamodel */,
			);
			currentVersion = 1EB5D5991F58679D00154681 /* Test2.xcdatamodel */;
			path = Test2.xcdatamodeld;
			sourceTree = "<group>";
			versionGroupType = wrapper.xcdatamodel;
		};
/* End XCVersionGroup section */
	};
	rootObject = 1EB5D5861F58679D00154681 /* Project object */;
}
